
Microsoft Visual Studio Solution File, Format Version 12.00
# Visual Studio Version 17
VisualStudioVersion = 17.14.36429.23 d17.14
MinimumVisualStudioVersion = 10.0.40219.1
Project("{FAE04EC0-301F-11D3-BF4B-00C04F79EFBC}") = "EventFlow.API", "EventFlow.API\EventFlow.API.csproj", "{B596D5BE-1B45-4517-931A-37855CCAA721}"
EndProject
Project("{2150E333-8FDC-42A3-9474-1A3956D46DE8}") = "src", "src", "{02EA681E-C7D8-13C7-8484-4AC65E1B71E8}"
EndProject
Project("{2150E333-8FDC-42A3-9474-1A3956D46DE8}") = "Core", "Core", "{1405C4B0-359C-4BFA-8A6E-7F468F27B001}"
EndProject
Project("{2150E333-8FDC-42A3-9474-1A3956D46DE8}") = "Presentation", "Presentation", "{7BEE2EE8-2EAA-4424-9EBF-E7CBE97702F4}"
EndProject
Project("{2150E333-8FDC-42A3-9474-1A3956D46DE8}") = "Infrastructure", "Infrastructure", "{21B53178-0EB1-41D8-9F3E-F0D45DFCD675}"
EndProject
Project("{FAE04EC0-301F-11D3-BF4B-00C04F79EFBC}") = "EventFlow.Application", "EventFlow.Application\EventFlow.Application.csproj", "{6E29D000-DAE1-4E04-9EF0-6E7992409107}"
EndProject
Project("{FAE04EC0-301F-11D3-BF4B-00C04F79EFBC}") = "EventFlow.Domain", "EventFlow.Domain\EventFlow.Domain.csproj", "{4014AFA7-E153-4361-AAFA-15E4D8DFD01A}"
EndProject
Project("{FAE04EC0-301F-11D3-BF4B-00C04F79EFBC}") = "EventFlow.Infrastructure", "EventFlow.Infrastructure\EventFlow.Infrastructure.csproj", "{C4B91C0B-72E3-4878-9E36-FE8CD7D922B8}"
EndProject
Project("{FAE04EC0-301F-11D3-BF4B-00C04F79EFBC}") = "EventFlow.Persistence", "EventFlow.Persistence\EventFlow.Persistence.csproj", "{08E2230C-FAAE-42BB-8069-42A3E05F27D3}"
EndProject
Project("{2150E333-8FDC-42A3-9474-1A3956D46DE8}") = "Solution Items", "Solution Items", "{5D984F73-D73F-4EE0-A773-FD1287B70BDE}"
	ProjectSection(SolutionItems) = preProject
		.editorconfig = .editorconfig
	EndProjectSection
EndProject
Global
	GlobalSection(SolutionConfigurationPlatforms) = preSolution
		Debug|Any CPU = Debug|Any CPU
		Release|Any CPU = Release|Any CPU
	EndGlobalSection
	GlobalSection(ProjectConfigurationPlatforms) = postSolution
		{B596D5BE-1B45-4517-931A-37855CCAA721}.Debug|Any CPU.ActiveCfg = Debug|Any CPU
		{B596D5BE-1B45-4517-931A-37855CCAA721}.Debug|Any CPU.Build.0 = Debug|Any CPU
		{B596D5BE-1B45-4517-931A-37855CCAA721}.Release|Any CPU.ActiveCfg = Release|Any CPU
		{B596D5BE-1B45-4517-931A-37855CCAA721}.Release|Any CPU.Build.0 = Release|Any CPU
		{6E29D000-DAE1-4E04-9EF0-6E7992409107}.Debug|Any CPU.ActiveCfg = Debug|Any CPU
		{6E29D000-DAE1-4E04-9EF0-6E7992409107}.Debug|Any CPU.Build.0 = Debug|Any CPU
		{6E29D000-DAE1-4E04-9EF0-6E7992409107}.Release|Any CPU.ActiveCfg = Release|Any CPU
		{6E29D000-DAE1-4E04-9EF0-6E7992409107}.Release|Any CPU.Build.0 = Release|Any CPU
		{4014AFA7-E153-4361-AAFA-15E4D8DFD01A}.Debug|Any CPU.ActiveCfg = Debug|Any CPU
		{4014AFA7-E153-4361-AAFA-15E4D8DFD01A}.Debug|Any CPU.Build.0 = Debug|Any CPU
		{4014AFA7-E153-4361-AAFA-15E4D8DFD01A}.Release|Any CPU.ActiveCfg = Release|Any CPU
		{4014AFA7-E153-4361-AAFA-15E4D8DFD01A}.Release|Any CPU.Build.0 = Release|Any CPU
		{C4B91C0B-72E3-4878-9E36-FE8CD7D922B8}.Debug|Any CPU.ActiveCfg = Debug|Any CPU
		{C4B91C0B-72E3-4878-9E36-FE8CD7D922B8}.Debug|Any CPU.Build.0 = Debug|Any CPU
		{C4B91C0B-72E3-4878-9E36-FE8CD7D922B8}.Release|Any CPU.ActiveCfg = Release|Any CPU
		{C4B91C0B-72E3-4878-9E36-FE8CD7D922B8}.Release|Any CPU.Build.0 = Release|Any CPU
		{08E2230C-FAAE-42BB-8069-42A3E05F27D3}.Debug|Any CPU.ActiveCfg = Debug|Any CPU
		{08E2230C-FAAE-42BB-8069-42A3E05F27D3}.Debug|Any CPU.Build.0 = Debug|Any CPU
		{08E2230C-FAAE-42BB-8069-42A3E05F27D3}.Release|Any CPU.ActiveCfg = Release|Any CPU
		{08E2230C-FAAE-42BB-8069-42A3E05F27D3}.Release|Any CPU.Build.0 = Release|Any CPU
	EndGlobalSection
	GlobalSection(SolutionProperties) = preSolution
		HideSolutionNode = FALSE
	EndGlobalSection
	GlobalSection(NestedProjects) = preSolution
		{B596D5BE-1B45-4517-931A-37855CCAA721} = {7BEE2EE8-2EAA-4424-9EBF-E7CBE97702F4}
		{1405C4B0-359C-4BFA-8A6E-7F468F27B001} = {02EA681E-C7D8-13C7-8484-4AC65E1B71E8}
		{7BEE2EE8-2EAA-4424-9EBF-E7CBE97702F4} = {02EA681E-C7D8-13C7-8484-4AC65E1B71E8}
		{21B53178-0EB1-41D8-9F3E-F0D45DFCD675} = {02EA681E-C7D8-13C7-8484-4AC65E1B71E8}
		{6E29D000-DAE1-4E04-9EF0-6E7992409107} = {1405C4B0-359C-4BFA-8A6E-7F468F27B001}
		{4014AFA7-E153-4361-AAFA-15E4D8DFD01A} = {1405C4B0-359C-4BFA-8A6E-7F468F27B001}
		{C4B91C0B-72E3-4878-9E36-FE8CD7D922B8} = {21B53178-0EB1-41D8-9F3E-F0D45DFCD675}
		{08E2230C-FAAE-42BB-8069-42A3E05F27D3} = {21B53178-0EB1-41D8-9F3E-F0D45DFCD675}
	EndGlobalSection
	GlobalSection(ExtensibilityGlobals) = postSolution
		SolutionGuid = {6F643694-AEFB-4EED-857E-542A5C578FE1}
	EndGlobalSection
EndGlobal
